
Microsoft Visual Studio Solution File, Format Version 12.00
# Visual Studio 15
VisualStudioVersion = 15.0.28307.1300
MinimumVisualStudioVersion = 10.0.40219.1
Project("{8BC9CEB8-8B4A-11D0-8D11-00A0C91BC942}") = "HomeBecketal", "HomeBecketal\HomeBecketal.vcxproj", "{6A3800E4-EB7F-40FF-93DD-DA1E8ED4078E}"
EndProject
Global
	GlobalSection(SolutionConfigurationPlatforms) = preSolution
		Debug|x64 = Debug|x64
		Debug|x86 = Debug|x86
		Release|x64 = Release|x64
		Release|x86 = Release|x86
	EndGlobalSection
	GlobalSection(ProjectConfigurationPlatforms) = postSolution
		{6A3800E4-EB7F-40FF-93DD-DA1E8ED4078E}.Debug|x64.ActiveCfg = Debug|x64
		{6A3800E4-EB7F-40FF-93DD-DA1E8ED4078E}.Debug|x64.Build.0 = Debug|x64
		{6A3800E4-EB7F-40FF-93DD-DA1E8ED4078E}.Debug|x86.ActiveCfg = Debug|Win32
		{6A3800E4-EB7F-40FF-93DD-DA1E8ED4078E}.Debug|x86.Build.0 = Debug|Win32
		{6A3800E4-EB7F-40FF-93DD-DA1E8ED4078E}.Release|x64.ActiveCfg = Release|x64
		{6A3800E4-EB7F-40FF-93DD-DA1E8ED4078E}.Release|x64.Build.0 = Release|x64
		{6A3800E4-EB7F-40FF-93DD-DA1E8ED4078E}.Release|x86.ActiveCfg = Release|Win32
		{6A3800E4-EB7F-40FF-93DD-DA1E8ED4078E}.Release|x86.Build.0 = Release|Win32
	EndGlobalSection
	GlobalSection(SolutionProperties) = preSolution
		HideSolutionNode = FALSE
	EndGlobalSection
	GlobalSection(ExtensibilityGlobals) = postSolution
		SolutionGuid = {2C8712B4-FFE5-4DDC-B8E8-DDC1FE60A633}
	EndGlobalSection
EndGlobal
